
Microsoft Visual Studio Solution File, Format Version 12.00
# Visual Studio 15
VisualStudioVersion = 15.0.26403.3
MinimumVisualStudioVersion = 10.0.40219.1
Project("{FAE04EC0-301F-11D3-BF4B-00C04F79EFBC}") = "WebAppCICD", "WebAppCICD\WebAppCICD.csproj", "{3744AF7B-61CC-4D17-9F26-C0871EF29835}"
EndProject
Global
	GlobalSection(SolutionConfigurationPlatforms) = preSolution
		Debug|Any CPU = Debug|Any CPU
		Release|Any CPU = Release|Any CPU
	EndGlobalSection
	GlobalSection(ProjectConfigurationPlatforms) = postSolution
		{3744AF7B-61CC-4D17-9F26-C0871EF29835}.Debug|Any CPU.ActiveCfg = Debug|Any CPU
		{3744AF7B-61CC-4D17-9F26-C0871EF29835}.Debug|Any CPU.Build.0 = Debug|Any CPU
		{3744AF7B-61CC-4D17-9F26-C0871EF29835}.Release|Any CPU.ActiveCfg = Release|Any CPU
		{3744AF7B-61CC-4D17-9F26-C0871EF29835}.Release|Any CPU.Build.0 = Release|Any CPU
	EndGlobalSection
	GlobalSection(SolutionProperties) = preSolution
		HideSolutionNode = FALSE
	EndGlobalSection
EndGlobal
